
Microsoft Visual Studio Solution File, Format Version 12.00
# Visual Studio Version 17
VisualStudioVersion = 17.11.35219.272
MinimumVisualStudioVersion = 10.0.40219.1
Project("{FAE04EC0-301F-11D3-BF4B-00C04F79EFBC}") = "ToDo List", "ToDo List.csproj", "{09DD0139-E1E2-45B8-A008-C60494BEF851}"
EndProject
Global
	GlobalSection(SolutionConfigurationPlatforms) = preSolution
		Debug|Any CPU = Debug|Any CPU
		Release|Any CPU = Release|Any CPU
	EndGlobalSection
	GlobalSection(ProjectConfigurationPlatforms) = postSolution
		{09DD0139-E1E2-45B8-A008-C60494BEF851}.Debug|Any CPU.ActiveCfg = Debug|Any CPU
		{09DD0139-E1E2-45B8-A008-C60494BEF851}.Debug|Any CPU.Build.0 = Debug|Any CPU
		{09DD0139-E1E2-45B8-A008-C60494BEF851}.Release|Any CPU.ActiveCfg = Release|Any CPU
		{09DD0139-E1E2-45B8-A008-C60494BEF851}.Release|Any CPU.Build.0 = Release|Any CPU
	EndGlobalSection
	GlobalSection(SolutionProperties) = preSolution
		HideSolutionNode = FALSE
	EndGlobalSection
	GlobalSection(ExtensibilityGlobals) = postSolution
		SolutionGuid = {3312B001-73B0-4C57-8573-E4225510852A}
	EndGlobalSection
EndGlobal
